
Microsoft Visual Studio Solution File, Format Version 12.00
# Visual Studio Version 17
VisualStudioVersion = 17.9.34622.214
MinimumVisualStudioVersion = 10.0.40219.1
Project("{FAE04EC0-301F-11D3-BF4B-00C04F79EFBC}") = "AiAgents.Core", "AiAgents.Core\AiAgents.Core.csproj", "{F4F4B11B-45D7-4656-B8AD-E0B929CF19A3}"
EndProject
Project("{FAE04EC0-301F-11D3-BF4B-00C04F79EFBC}") = "AiAgents.SolarDriverAgent", "AiAgents.SolarDriverAgent\AiAgents.SolarDriverAgent.csproj", "{0AB522A7-6413-4308-B141-640B588420A4}"
EndProject
Project("{FAE04EC0-301F-11D3-BF4B-00C04F79EFBC}") = "AiAgents.SolarDriverAgent.Web", "AiAgents.SolarDriverAgent.Web\AiAgents.SolarDriverAgent.Web.csproj", "{795E16EA-43B2-41A2-9BE8-015E1849C8C0}"
EndProject
Global
	GlobalSection(SolutionConfigurationPlatforms) = preSolution
		Debug|Any CPU = Debug|Any CPU
		Release|Any CPU = Release|Any CPU
	EndGlobalSection
	GlobalSection(ProjectConfigurationPlatforms) = postSolution
		{F4F4B11B-45D7-4656-B8AD-E0B929CF19A3}.Debug|Any CPU.ActiveCfg = Debug|Any CPU
		{F4F4B11B-45D7-4656-B8AD-E0B929CF19A3}.Debug|Any CPU.Build.0 = Debug|Any CPU
		{F4F4B11B-45D7-4656-B8AD-E0B929CF19A3}.Release|Any CPU.ActiveCfg = Release|Any CPU
		{F4F4B11B-45D7-4656-B8AD-E0B929CF19A3}.Release|Any CPU.Build.0 = Release|Any CPU
		{0AB522A7-6413-4308-B141-640B588420A4}.Debug|Any CPU.ActiveCfg = Debug|Any CPU
		{0AB522A7-6413-4308-B141-640B588420A4}.Debug|Any CPU.Build.0 = Debug|Any CPU
		{0AB522A7-6413-4308-B141-640B588420A4}.Release|Any CPU.ActiveCfg = Release|Any CPU
		{0AB522A7-6413-4308-B141-640B588420A4}.Release|Any CPU.Build.0 = Release|Any CPU
		{795E16EA-43B2-41A2-9BE8-015E1849C8C0}.Debug|Any CPU.ActiveCfg = Debug|Any CPU
		{795E16EA-43B2-41A2-9BE8-015E1849C8C0}.Debug|Any CPU.Build.0 = Debug|Any CPU
		{795E16EA-43B2-41A2-9BE8-015E1849C8C0}.Release|Any CPU.ActiveCfg = Release|Any CPU
		{795E16EA-43B2-41A2-9BE8-015E1849C8C0}.Release|Any CPU.Build.0 = Release|Any CPU
	EndGlobalSection
	GlobalSection(SolutionProperties) = preSolution
		HideSolutionNode = FALSE
	EndGlobalSection
	GlobalSection(ExtensibilityGlobals) = postSolution
		SolutionGuid = {A8FAC3BF-376E-4B76-914F-B6DD8F0CCE0A}
	EndGlobalSection
EndGlobal
